{
  "requires": true,
  "lockfileVersion": 1,
  "dependencies": {
    "uview-ui": {
      "version": "2.0.31",
      "resolved": "https://registry.npmjs.org/uview-ui/-/uview-ui-2.0.31.tgz",
      "integrity": "sha512-I/0fGuvtiKHH/mBb864SGYk+SJ7WaF32tsBgYgeBOsxlUp+Th+Ac2tgz2cTvsQJl6eZYWsKZ3ixiSXCAcxZ8Sw=="
    }
  }
}
